<?xml version="1.0" encoding="utf-8"?>
<Project ToolsVersion="4.0" xmlns="http://schemas.microsoft.com/developer/msbuild/2003">
  <ItemGroup>
    <ClCompile Include="src\include\Bra86.c">
      <Filter>lib</Filter>
    </ClCompile>
    <ClCompile Include="src\include\BraIA64.c">
      <Filter>lib</Filter>
    </ClCompile>
    <ClCompile Include="src\include\CpuArch.c">
      <Filter>lib</Filter>
    </ClCompile>
    <ClCompile Include="src\include\Delta.c">
      <Filter>lib</Filter>
    </ClCompile>
    <ClCompile Include="src\include\DllSecur.c">
      <Filter>lib</Filter>
    </ClCompile>
    <ClCompile Include="src\include\LzFind.c">
      <Filter>lib</Filter>
    </ClCompile>
    <ClCompile Include="src\include\LzFindMt.c">
      <Filter>lib</Filter>
    </ClCompile>
    <ClCompile Include="src\include\LzFindOpt.c">
      <Filter>lib</Filter>
    </ClCompile>
    <ClCompile Include="src\include\Lzma2Dec.c">
      <Filter>lib</Filter>
    </ClCompile>
    <ClCompile Include="src\include\Lzma2DecMt.c">
      <Filter>lib</Filter>
    </ClCompile>
    <ClCompile Include="src\include\Lzma2Enc.c">
      <Filter>lib</Filter>
    </ClCompile>
    <ClCompile Include="src\include\Lzma86Dec.c">
      <Filter>lib</Filter>
    </ClCompile>
    <ClCompile Include="src\include\Lzma86Enc.c">
      <Filter>lib</Filter>
    </ClCompile>
    <ClCompile Include="src\include\LzmaDec.c">
      <Filter>lib</Filter>
    </ClCompile>
    <ClCompile Include="src\include\LzmaEnc.c">
      <Filter>lib</Filter>
    </ClCompile>
    <ClCompile Include="src\include\LzmaLib.c">
      <Filter>lib</Filter>
    </ClCompile>
    <ClCompile Include="src\main.c">
      <Filter>src</Filter>
    </ClCompile>
    <ClCompile Include="src\include\miniz.c">
      <Filter>lib</Filter>
    </ClCompile>
    <ClCompile Include="src\include\MtCoder.c">
      <Filter>lib</Filter>
    </ClCompile>
    <ClCompile Include="src\include\MtDec.c">
      <Filter>lib</Filter>
    </ClCompile>
    <ClCompile Include="src\include\Ppmd7.c">
      <Filter>lib</Filter>
    </ClCompile>
    <ClCompile Include="src\include\Ppmd7Dec.c">
      <Filter>lib</Filter>
    </ClCompile>
    <ClCompile Include="src\include\Ppmd7Enc.c">
      <Filter>lib</Filter>
    </ClCompile>
    <ClCompile Include="..\routine\routine.c">
      <Filter>routine</Filter>
    </ClCompile>
    <ClCompile Include="src\include\Sha256.c">
      <Filter>lib</Filter>
    </ClCompile>
    <ClCompile Include="src\include\Sha256Opt.c">
      <Filter>lib</Filter>
    </ClCompile>
    <ClCompile Include="src\include\Sort.c">
      <Filter>lib</Filter>
    </ClCompile>
    <ClCompile Include="src\include\Threads.c">
      <Filter>lib</Filter>
    </ClCompile>
    <ClCompile Include="src\include\Xz.c">
      <Filter>lib</Filter>
    </ClCompile>
    <ClCompile Include="src\include\XzCrc64.c">
      <Filter>lib</Filter>
    </ClCompile>
    <ClCompile Include="src\include\XzCrc64Opt.c">
      <Filter>lib</Filter>
    </ClCompile>
    <ClCompile Include="src\include\XzDec.c">
      <Filter>lib</Filter>
    </ClCompile>
    <ClCompile Include="src\include\XzEnc.c">
      <Filter>lib</Filter>
    </ClCompile>
    <ClCompile Include="src\include\XzIn.c">
      <Filter>lib</Filter>
    </ClCompile>
    <ClCompile Include="src\include\7zAlloc.c">
      <Filter>lib</Filter>
    </ClCompile>
    <ClCompile Include="src\include\7zArcIn.c">
      <Filter>lib</Filter>
    </ClCompile>
    <ClCompile Include="src\include\7zBuf.c">
      <Filter>lib</Filter>
    </ClCompile>
    <ClCompile Include="src\include\7zBuf2.c">
      <Filter>lib</Filter>
    </ClCompile>
    <ClCompile Include="src\include\7zCrc.c">
      <Filter>lib</Filter>
    </ClCompile>
    <ClCompile Include="src\include\7zCrcOpt.c">
      <Filter>lib</Filter>
    </ClCompile>
    <ClCompile Include="src\include\7zDec.c">
      <Filter>lib</Filter>
    </ClCompile>
    <ClCompile Include="src\include\7zFile.c">
      <Filter>lib</Filter>
    </ClCompile>
    <ClCompile Include="src\include\7zStream.c">
      <Filter>lib</Filter>
    </ClCompile>
    <ClCompile Include="src\include\Aes.c">
      <Filter>lib</Filter>
    </ClCompile>
    <ClCompile Include="src\include\AesOpt.c">
      <Filter>lib</Filter>
    </ClCompile>
    <ClCompile Include="src\include\Alloc.c">
      <Filter>lib</Filter>
    </ClCompile>
    <ClCompile Include="src\include\Bcj2.c">
      <Filter>lib</Filter>
    </ClCompile>
    <ClCompile Include="src\include\Bcj2Enc.c">
      <Filter>lib</Filter>
    </ClCompile>
    <ClCompile Include="src\include\Bra.c">
      <Filter>lib</Filter>
    </ClCompile>
    <ClCompile Include="..\routine\rapp.c">
      <Filter>routine</Filter>
    </ClCompile>
  </ItemGroup>
  <ItemGroup>
    <ClInclude Include="src\include\Compiler.h">
      <Filter>lib</Filter>
    </ClInclude>
    <ClInclude Include="src\include\CpuArch.h">
      <Filter>lib</Filter>
    </ClInclude>
    <ClInclude Include="src\include\Delta.h">
      <Filter>lib</Filter>
    </ClInclude>
    <ClInclude Include="src\include\DllSecur.h">
      <Filter>lib</Filter>
    </ClInclude>
    <ClInclude Include="src\include\LzFind.h">
      <Filter>lib</Filter>
    </ClInclude>
    <ClInclude Include="src\include\LzFindMt.h">
      <Filter>lib</Filter>
    </ClInclude>
    <ClInclude Include="src\include\LzHash.h">
      <Filter>lib</Filter>
    </ClInclude>
    <ClInclude Include="src\include\Lzma2Dec.h">
      <Filter>lib</Filter>
    </ClInclude>
    <ClInclude Include="src\include\Lzma2DecMt.h">
      <Filter>lib</Filter>
    </ClInclude>
    <ClInclude Include="src\include\Lzma2Enc.h">
      <Filter>lib</Filter>
    </ClInclude>
    <ClInclude Include="src\include\Lzma86.h">
      <Filter>lib</Filter>
    </ClInclude>
    <ClInclude Include="src\include\LzmaDec.h">
      <Filter>lib</Filter>
    </ClInclude>
    <ClInclude Include="src\include\LzmaEnc.h">
      <Filter>lib</Filter>
    </ClInclude>
    <ClInclude Include="src\include\LzmaLib.h">
      <Filter>lib</Filter>
    </ClInclude>
    <ClInclude Include="src\main.h">
      <Filter>src</Filter>
    </ClInclude>
    <ClInclude Include="src\include\miniz.h">
      <Filter>lib</Filter>
    </ClInclude>
    <ClInclude Include="src\include\MtCoder.h">
      <Filter>lib</Filter>
    </ClInclude>
    <ClInclude Include="src\include\MtDec.h">
      <Filter>lib</Filter>
    </ClInclude>
    <ClInclude Include="..\routine\ntapi.h">
      <Filter>routine</Filter>
    </ClInclude>
    <ClInclude Include="src\include\Ppmd.h">
      <Filter>lib</Filter>
    </ClInclude>
    <ClInclude Include="src\include\Ppmd7.h">
      <Filter>lib</Filter>
    </ClInclude>
    <ClInclude Include="src\include\Precomp.h">
      <Filter>lib</Filter>
    </ClInclude>
    <ClInclude Include="src\resource.h">
      <Filter>lib</Filter>
    </ClInclude>
    <ClInclude Include="src\include\RotateDefs.h">
      <Filter>lib</Filter>
    </ClInclude>
    <ClInclude Include="..\routine\routine.h">
      <Filter>routine</Filter>
    </ClInclude>
    <ClInclude Include="src\include\Sha256.h">
      <Filter>lib</Filter>
    </ClInclude>
    <ClInclude Include="src\include\Sort.h">
      <Filter>lib</Filter>
    </ClInclude>
    <ClInclude Include="src\include\Threads.h">
      <Filter>lib</Filter>
    </ClInclude>
    <ClInclude Include="src\include\Xz.h">
      <Filter>lib</Filter>
    </ClInclude>
    <ClInclude Include="src\include\XzCrc64.h">
      <Filter>lib</Filter>
    </ClInclude>
    <ClInclude Include="src\include\XzEnc.h">
      <Filter>lib</Filter>
    </ClInclude>
    <ClInclude Include="src\include\7z.h">
      <Filter>lib</Filter>
    </ClInclude>
    <ClInclude Include="src\include\7zAlloc.h">
      <Filter>lib</Filter>
    </ClInclude>
    <ClInclude Include="src\include\7zBuf.h">
      <Filter>lib</Filter>
    </ClInclude>
    <ClInclude Include="src\include\7zCrc.h">
      <Filter>lib</Filter>
    </ClInclude>
    <ClInclude Include="src\include\7zFile.h">
      <Filter>lib</Filter>
    </ClInclude>
    <ClInclude Include="src\include\7zTypes.h">
      <Filter>lib</Filter>
    </ClInclude>
    <ClInclude Include="src\include\7zVersion.h">
      <Filter>lib</Filter>
    </ClInclude>
    <ClInclude Include="src\include\Aes.h">
      <Filter>lib</Filter>
    </ClInclude>
    <ClInclude Include="src\include\Alloc.h">
      <Filter>lib</Filter>
    </ClInclude>
    <ClInclude Include="src\app.h">
      <Filter>lib</Filter>
    </ClInclude>
    <ClInclude Include="src\include\Bcj2.h">
      <Filter>lib</Filter>
    </ClInclude>
    <ClInclude Include="src\include\Bra.h">
      <Filter>lib</Filter>
    </ClInclude>
    <ClInclude Include="..\routine\rconfig.h">
      <Filter>routine</Filter>
    </ClInclude>
    <ClInclude Include="..\routine\rapp.h">
      <Filter>routine</Filter>
    </ClInclude>
  </ItemGroup>
  <ItemGroup>
    <Filter Include="src">
      <UniqueIdentifier>{ad6d41e1-ffc4-4af6-bac1-9dec79e7bdf3}</UniqueIdentifier>
    </Filter>
    <Filter Include="lib">
      <UniqueIdentifier>{d0b21bb8-f3c1-4789-8373-039077d54d15}</UniqueIdentifier>
    </Filter>
    <Filter Include="routine">
      <UniqueIdentifier>{5629c918-7aee-4063-9225-243b3dd49fcd}</UniqueIdentifier>
    </Filter>
  </ItemGroup>
  <ItemGroup>
    <ResourceCompile Include="src\resource.rc">
      <Filter>lib</Filter>
    </ResourceCompile>
  </ItemGroup>
</Project>